
Microsoft Visual Studio Solution File, Format Version 12.00
# Visual Studio Version 17
VisualStudioVersion = 17.14.36429.23
MinimumVisualStudioVersion = 10.0.40219.1
Project("{FAE04EC0-301F-11D3-BF4B-00C04F79EFBC}") = "TechnortalDotNetTrainingBatch3.WindowsFormsApp", "TechnortalDotNetTrainingBatch3.WindowsFormsApp\TechnortalDotNetTrainingBatch3.WindowsFormsApp.csproj", "{8ECF3F27-479C-43C9-83C3-69A7C387D214}"
EndProject
Project("{FAE04EC0-301F-11D3-BF4B-00C04F79EFBC}") = "TB3.ProductMiniProject.Database", "TB3.ProductMiniProject.Database\TB3.ProductMiniProject.Database.csproj", "{36310885-BA26-664D-F5D1-3B5289A75323}"
EndProject
Project("{FAE04EC0-301F-11D3-BF4B-00C04F79EFBC}") = "TechnortalDotNetTrainingBatch3.WindowsFormsApp2", "TechnortalDotNetTrainingBatch3.WindowsFormsApp2\TechnortalDotNetTrainingBatch3.WindowsFormsApp2.csproj", "{1F417BCB-8F11-414B-A9F6-793E9F034C68}"
EndProject
Global
	GlobalSection(SolutionConfigurationPlatforms) = preSolution
		Debug|Any CPU = Debug|Any CPU
		Release|Any CPU = Release|Any CPU
	EndGlobalSection
	GlobalSection(ProjectConfigurationPlatforms) = postSolution
		{8ECF3F27-479C-43C9-83C3-69A7C387D214}.Debug|Any CPU.ActiveCfg = Debug|Any CPU
		{8ECF3F27-479C-43C9-83C3-69A7C387D214}.Debug|Any CPU.Build.0 = Debug|Any CPU
		{8ECF3F27-479C-43C9-83C3-69A7C387D214}.Release|Any CPU.ActiveCfg = Release|Any CPU
		{8ECF3F27-479C-43C9-83C3-69A7C387D214}.Release|Any CPU.Build.0 = Release|Any CPU
		{36310885-BA26-664D-F5D1-3B5289A75323}.Debug|Any CPU.ActiveCfg = Debug|Any CPU
		{36310885-BA26-664D-F5D1-3B5289A75323}.Debug|Any CPU.Build.0 = Debug|Any CPU
		{36310885-BA26-664D-F5D1-3B5289A75323}.Release|Any CPU.ActiveCfg = Release|Any CPU
		{36310885-BA26-664D-F5D1-3B5289A75323}.Release|Any CPU.Build.0 = Release|Any CPU
		{1F417BCB-8F11-414B-A9F6-793E9F034C68}.Debug|Any CPU.ActiveCfg = Debug|Any CPU
		{1F417BCB-8F11-414B-A9F6-793E9F034C68}.Debug|Any CPU.Build.0 = Debug|Any CPU
		{1F417BCB-8F11-414B-A9F6-793E9F034C68}.Release|Any CPU.ActiveCfg = Release|Any CPU
		{1F417BCB-8F11-414B-A9F6-793E9F034C68}.Release|Any CPU.Build.0 = Release|Any CPU
	EndGlobalSection
	GlobalSection(SolutionProperties) = preSolution
		HideSolutionNode = FALSE
	EndGlobalSection
	GlobalSection(ExtensibilityGlobals) = postSolution
		SolutionGuid = {1878BF9E-7844-4F7E-B900-E2C654361276}
	EndGlobalSection
EndGlobal
